// !$*UTF8*$!
{
	archiveVersion = 1;
	classes = {
	};
	objectVersion = 56;
	objects = {

/* Begin PBXBuildFile section */
		3E2A50B92BC47F6000788674 /* Assets.xcassets in Resources */ = {isa = PBXBuildFile; fileRef = 3E2A50B82BC47F6000788674 /* Assets.xcassets */; };
		3E2A50E92BC4804300788674 /* SettingsIconGenerator in Frameworks */ = {isa = PBXBuildFile; productRef = 3E2A50E82BC4804300788674 /* SettingsIconGenerator */; };
		3E76F8D42BC48A8E007BD5A8 /* DynamicLabelViewSUI.swift in Sources */ = {isa = PBXBuildFile; fileRef = 3E76F8D32BC48A8E007BD5A8 /* DynamicLabelViewSUI.swift */; };
		3ECAEFEF2BC2C2E700B813A8 /* AppDelegate.swift in Sources */ = {isa = PBXBuildFile; fileRef = 3ECAEFEE2BC2C2E700B813A8 /* AppDelegate.swift */; };
		3ECAEFFB2BC2C2E800B813A8 /* LaunchScreen.storyboard in Resources */ = {isa = PBXBuildFile; fileRef = 3ECAEFF92BC2C2E800B813A8 /* LaunchScreen.storyboard */; };
		3ECAF0032BC2C35000B813A8 /* MenuViewController.swift in Sources */ = {isa = PBXBuildFile; fileRef = 3ECAF0022BC2C35000B813A8 /* MenuViewController.swift */; };
		3ECAF0072BC2C5A400B813A8 /* MainCoordinator.swift in Sources */ = {isa = PBXBuildFile; fileRef = 3ECAF0062BC2C5A400B813A8 /* MainCoordinator.swift */; };
		3ED729402BC4589A00EB28A5 /* DynamicLabelViewController.swift in Sources */ = {isa = PBXBuildFile; fileRef = 3ED7293F2BC4589A00EB28A5 /* DynamicLabelViewController.swift */; };
		3ED729422BC45E9700EB28A5 /* SettingsView.swift in Sources */ = {isa = PBXBuildFile; fileRef = 3ED729412BC45E9700EB28A5 /* SettingsView.swift */; };
		3ED729472BC4678300EB28A5 /* GitHubStorageService.swift in Sources */ = {isa = PBXBuildFile; fileRef = 3ED729462BC4678300EB28A5 /* GitHubStorageService.swift */; };
/* End PBXBuildFile section */

/* Begin PBXFileReference section */
		3E2A50B82BC47F6000788674 /* Assets.xcassets */ = {isa = PBXFileReference; lastKnownFileType = folder.assetcatalog; path = Assets.xcassets; sourceTree = "<group>"; };
		3E76F8D32BC48A8E007BD5A8 /* DynamicLabelViewSUI.swift */ = {isa = PBXFileReference; lastKnownFileType = sourcecode.swift; path = DynamicLabelViewSUI.swift; sourceTree = "<group>"; };
		3ECAEFEB2BC2C2E700B813A8 /* TextBanner.app */ = {isa = PBXFileReference; explicitFileType = wrapper.application; includeInIndex = 0; path = TextBanner.app; sourceTree = BUILT_PRODUCTS_DIR; };
		3ECAEFEE2BC2C2E700B813A8 /* AppDelegate.swift */ = {isa = PBXFileReference; lastKnownFileType = sourcecode.swift; path = AppDelegate.swift; sourceTree = "<group>"; };
		3ECAEFFA2BC2C2E800B813A8 /* Base */ = {isa = PBXFileReference; lastKnownFileType = file.storyboard; name = Base; path = Base.lproj/LaunchScreen.storyboard; sourceTree = "<group>"; };
		3ECAEFFC2BC2C2E800B813A8 /* Info.plist */ = {isa = PBXFileReference; lastKnownFileType = text.plist.xml; path = Info.plist; sourceTree = "<group>"; };
		3ECAF0022BC2C35000B813A8 /* MenuViewController.swift */ = {isa = PBXFileReference; lastKnownFileType = sourcecode.swift; path = MenuViewController.swift; sourceTree = "<group>"; };
		3ECAF0062BC2C5A400B813A8 /* MainCoordinator.swift */ = {isa = PBXFileReference; lastKnownFileType = sourcecode.swift; path = MainCoordinator.swift; sourceTree = "<group>"; };
		3ED7293F2BC4589A00EB28A5 /* DynamicLabelViewController.swift */ = {isa = PBXFileReference; lastKnownFileType = sourcecode.swift; path = DynamicLabelViewController.swift; sourceTree = "<group>"; };
		3ED729412BC45E9700EB28A5 /* SettingsView.swift */ = {isa = PBXFileReference; lastKnownFileType = sourcecode.swift; path = SettingsView.swift; sourceTree = "<group>"; };
		3ED729462BC4678300EB28A5 /* GitHubStorageService.swift */ = {isa = PBXFileReference; lastKnownFileType = sourcecode.swift; path = GitHubStorageService.swift; sourceTree = "<group>"; };
/* End PBXFileReference section */

/* Begin PBXFrameworksBuildPhase section */
		3ECAEFE82BC2C2E700B813A8 /* Frameworks */ = {
			isa = PBXFrameworksBuildPhase;
			buildActionMask = 2147483647;
			files = (
				3E2A50E92BC4804300788674 /* SettingsIconGenerator in Frameworks */,
			);
			runOnlyForDeploymentPostprocessing = 0;
		};
/* End PBXFrameworksBuildPhase section */

/* Begin PBXGroup section */
		3ECAEFE22BC2C2E700B813A8 = {
			isa = PBXGroup;
			children = (
				3ECAEFED2BC2C2E700B813A8 /* TextBanner */,
				3ECAEFEC2BC2C2E700B813A8 /* Products */,
			);
			sourceTree = "<group>";
		};
		3ECAEFEC2BC2C2E700B813A8 /* Products */ = {
			isa = PBXGroup;
			children = (
				3ECAEFEB2BC2C2E700B813A8 /* TextBanner.app */,
			);
			name = Products;
			sourceTree = "<group>";
		};
		3ECAEFED2BC2C2E700B813A8 /* TextBanner */ = {
			isa = PBXGroup;
			children = (
				3E2A50B82BC47F6000788674 /* Assets.xcassets */,
				3ECAEFEE2BC2C2E700B813A8 /* AppDelegate.swift */,
				3ECAEFF92BC2C2E800B813A8 /* LaunchScreen.storyboard */,
				3ECAEFFC2BC2C2E800B813A8 /* Info.plist */,
				3ECAF0022BC2C35000B813A8 /* MenuViewController.swift */,
				3ECAF0062BC2C5A400B813A8 /* MainCoordinator.swift */,
				3ED729412BC45E9700EB28A5 /* SettingsView.swift */,
				3ED7293F2BC4589A00EB28A5 /* DynamicLabelViewController.swift */,
				3ED729462BC4678300EB28A5 /* GitHubStorageService.swift */,
				3E76F8D32BC48A8E007BD5A8 /* DynamicLabelViewSUI.swift */,
			);
			path = TextBanner;
			sourceTree = "<group>";
		};
/* End PBXGroup section */

/* Begin PBXNativeTarget section */
		3ECAEFEA2BC2C2E700B813A8 /* TextBanner */ = {
			isa = PBXNativeTarget;
			buildConfigurationList = 3ECAEFFF2BC2C2E800B813A8 /* Build configuration list for PBXNativeTarget "TextBanner" */;
			buildPhases = (
				3ECAEFE72BC2C2E700B813A8 /* Sources */,
				3ECAEFE82BC2C2E700B813A8 /* Frameworks */,
				3ECAEFE92BC2C2E700B813A8 /* Resources */,
			);
			buildRules = (
			);
			dependencies = (
			);
			name = TextBanner;
			packageProductDependencies = (
				3E2A50E82BC4804300788674 /* SettingsIconGenerator */,
			);
			productName = TextBanner;
			productReference = 3ECAEFEB2BC2C2E700B813A8 /* TextBanner.app */;
			productType = "com.apple.product-type.application";
		};
/* End PBXNativeTarget section */

/* Begin PBXProject section */
		3ECAEFE32BC2C2E700B813A8 /* Project object */ = {
			isa = PBXProject;
			attributes = {
				BuildIndependentTargetsInParallel = 1;
				LastSwiftUpdateCheck = 1500;
				LastUpgradeCheck = 1500;
				TargetAttributes = {
					3ECAEFEA2BC2C2E700B813A8 = {
						CreatedOnToolsVersion = 15.0.1;
					};
				};
			};
			buildConfigurationList = 3ECAEFE62BC2C2E700B813A8 /* Build configuration list for PBXProject "TextBanner" */;
			compatibilityVersion = "Xcode 14.0";
			developmentRegion = en;
			hasScannedForEncodings = 0;
			knownRegions = (
				en,
				Base,
			);
			mainGroup = 3ECAEFE22BC2C2E700B813A8;
			packageReferences = (
				3E2A50E72BC4804300788674 /* XCRemoteSwiftPackageReference "SettingsIconGenerator" */,
			);
			productRefGroup = 3ECAEFEC2BC2C2E700B813A8 /* Products */;
			projectDirPath = "";
			projectRoot = "";
			targets = (
				3ECAEFEA2BC2C2E700B813A8 /* TextBanner */,
			);
		};
/* End PBXProject section */

/* Begin PBXResourcesBuildPhase section */
		3ECAEFE92BC2C2E700B813A8 /* Resources */ = {
			isa = PBXResourcesBuildPhase;
			buildActionMask = 2147483647;
			files = (
				3E2A50B92BC47F6000788674 /* Assets.xcassets in Resources */,
				3ECAEFFB2BC2C2E800B813A8 /* LaunchScreen.storyboard in Resources */,
			);
			runOnlyForDeploymentPostprocessing = 0;
		};
/* End PBXResourcesBuildPhase section */

/* Begin PBXSourcesBuildPhase section */
		3ECAEFE72BC2C2E700B813A8 /* Sources */ = {
			isa = PBXSourcesBuildPhase;
			buildActionMask = 2147483647;
			files = (
				3ED729472BC4678300EB28A5 /* GitHubStorageService.swift in Sources */,
				3ED729422BC45E9700EB28A5 /* SettingsView.swift in Sources */,
				3ECAEFEF2BC2C2E700B813A8 /* AppDelegate.swift in Sources */,
				3E76F8D42BC48A8E007BD5A8 /* DynamicLabelViewSUI.swift in Sources */,
				3ECAF0072BC2C5A400B813A8 /* MainCoordinator.swift in Sources */,
				3ED729402BC4589A00EB28A5 /* DynamicLabelViewController.swift in Sources */,
				3ECAF0032BC2C35000B813A8 /* MenuViewController.swift in Sources */,
			);
			runOnlyForDeploymentPostprocessing = 0;
		};
/* End PBXSourcesBuildPhase section */

/* Begin PBXVariantGroup section */
		3ECAEFF92BC2C2E800B813A8 /* LaunchScreen.storyboard */ = {
			isa = PBXVariantGroup;
			children = (
				3ECAEFFA2BC2C2E800B813A8 /* Base */,
			);
			name = LaunchScreen.storyboard;
			sourceTree = "<group>";
		};
/* End PBXVariantGroup section */

/* Begin XCBuildConfiguration section */
		3ECAEFFD2BC2C2E800B813A8 /* Debug */ = {
			isa = XCBuildConfiguration;
			buildSettings = {
				ALWAYS_SEARCH_USER_PATHS = NO;
				ASSETCATALOG_COMPILER_GENERATE_SWIFT_ASSET_SYMBOL_EXTENSIONS = YES;
				CLANG_ANALYZER_NONNULL = YES;
				CLANG_ANALYZER_NUMBER_OBJECT_CONVERSION = YES_AGGRESSIVE;
				CLANG_CXX_LANGUAGE_STANDARD = "gnu++20";
				CLANG_ENABLE_MODULES = YES;
				CLANG_ENABLE_OBJC_ARC = YES;
				CLANG_ENABLE_OBJC_WEAK = YES;
				CLANG_WARN_BLOCK_CAPTURE_AUTORELEASING = YES;
				CLANG_WARN_BOOL_CONVERSION = YES;
				CLANG_WARN_COMMA = YES;
				CLANG_WARN_CONSTANT_CONVERSION = YES;
				CLANG_WARN_DEPRECATED_OBJC_IMPLEMENTATIONS = YES;
				CLANG_WARN_DIRECT_OBJC_ISA_USAGE = YES_ERROR;
				CLANG_WARN_DOCUMENTATION_COMMENTS = YES;
				CLANG_WARN_EMPTY_BODY = YES;
				CLANG_WARN_ENUM_CONVERSION = YES;
				CLANG_WARN_INFINITE_RECURSION = YES;
				CLANG_WARN_INT_CONVERSION = YES;
				CLANG_WARN_NON_LITERAL_NULL_CONVERSION = YES;
				CLANG_WARN_OBJC_IMPLICIT_RETAIN_SELF = YES;
				CLANG_WARN_OBJC_LITERAL_CONVERSION = YES;
				CLANG_WARN_OBJC_ROOT_CLASS = YES_ERROR;
				CLANG_WARN_QUOTED_INCLUDE_IN_FRAMEWORK_HEADER = YES;
				CLANG_WARN_RANGE_LOOP_ANALYSIS = YES;
				CLANG_WARN_STRICT_PROTOTYPES = YES;
				CLANG_WARN_SUSPICIOUS_MOVE = YES;
				CLANG_WARN_UNGUARDED_AVAILABILITY = YES_AGGRESSIVE;
				CLANG_WARN_UNREACHABLE_CODE = YES;
				CLANG_WARN__DUPLICATE_METHOD_MATCH = YES;
				COPY_PHASE_STRIP = NO;
				DEBUG_INFORMATION_FORMAT = dwarf;
				ENABLE_STRICT_OBJC_MSGSEND = YES;
				ENABLE_TESTABILITY = YES;
				ENABLE_USER_SCRIPT_SANDBOXING = YES;
				GCC_C_LANGUAGE_STANDARD = gnu17;
				GCC_DYNAMIC_NO_PIC = NO;
				GCC_NO_COMMON_BLOCKS = YES;
				GCC_OPTIMIZATION_LEVEL = 0;
				GCC_PREPROCESSOR_DEFINITIONS = (
					"DEBUG=1",
					"$(inherited)",
				);
				GCC_WARN_64_TO_32_BIT_CONVERSION = YES;
				GCC_WARN_ABOUT_RETURN_TYPE = YES_ERROR;
				GCC_WARN_UNDECLARED_SELECTOR = YES;
				GCC_WARN_UNINITIALIZED_AUTOS = YES_AGGRESSIVE;
				GCC_WARN_UNUSED_FUNCTION = YES;
				GCC_WARN_UNUSED_VARIABLE = YES;
				IPHONEOS_DEPLOYMENT_TARGET = 17.0;
				LOCALIZATION_PREFERS_STRING_CATALOGS = YES;
				MTL_ENABLE_DEBUG_INFO = INCLUDE_SOURCE;
				MTL_FAST_MATH = YES;
				ONLY_ACTIVE_ARCH = YES;
				SDKROOT = iphoneos;
				SWIFT_ACTIVE_COMPILATION_CONDITIONS = "DEBUG $(inherited)";
				SWIFT_OPTIMIZATION_LEVEL = "-Onone";
			};
			name = Debug;
		};
		3ECAEFFE2BC2C2E800B813A8 /* Release */ = {
			isa = XCBuildConfiguration;
			buildSettings = {
				ALWAYS_SEARCH_USER_PATHS = NO;
				ASSETCATALOG_COMPILER_GENERATE_SWIFT_ASSET_SYMBOL_EXTENSIONS = YES;
				CLANG_ANALYZER_NONNULL = YES;
				CLANG_ANALYZER_NUMBER_OBJECT_CONVERSION = YES_AGGRESSIVE;
				CLANG_CXX_LANGUAGE_STANDARD = "gnu++20";
				CLANG_ENABLE_MODULES = YES;
				CLANG_ENABLE_OBJC_ARC = YES;
				CLANG_ENABLE_OBJC_WEAK = YES;
				CLANG_WARN_BLOCK_CAPTURE_AUTORELEASING = YES;
				CLANG_WARN_BOOL_CONVERSION = YES;
				CLANG_WARN_COMMA = YES;
				CLANG_WARN_CONSTANT_CONVERSION = YES;
				CLANG_WARN_DEPRECATED_OBJC_IMPLEMENTATIONS = YES;
				CLANG_WARN_DIRECT_OBJC_ISA_USAGE = YES_ERROR;
				CLANG_WARN_DOCUMENTATION_COMMENTS = YES;
				CLANG_WARN_EMPTY_BODY = YES;
				CLANG_WARN_ENUM_CONVERSION = YES;
				CLANG_WARN_INFINITE_RECURSION = YES;
				CLANG_WARN_INT_CONVERSION = YES;
				CLANG_WARN_NON_LITERAL_NULL_CONVERSION = YES;
				CLANG_WARN_OBJC_IMPLICIT_RETAIN_SELF = YES;
				CLANG_WARN_OBJC_LITERAL_CONVERSION = YES;
				CLANG_WARN_OBJC_ROOT_CLASS = YES_ERROR;
				CLANG_WARN_QUOTED_INCLUDE_IN_FRAMEWORK_HEADER = YES;
				CLANG_WARN_RANGE_LOOP_ANALYSIS = YES;
				CLANG_WARN_STRICT_PROTOTYPES = YES;
				CLANG_WARN_SUSPICIOUS_MOVE = YES;
				CLANG_WARN_UNGUARDED_AVAILABILITY = YES_AGGRESSIVE;
				CLANG_WARN_UNREACHABLE_CODE = YES;
				CLANG_WARN__DUPLICATE_METHOD_MATCH = YES;
				COPY_PHASE_STRIP = NO;
				DEBUG_INFORMATION_FORMAT = "dwarf-with-dsym";
				ENABLE_NS_ASSERTIONS = NO;
				ENABLE_STRICT_OBJC_MSGSEND = YES;
				ENABLE_USER_SCRIPT_SANDBOXING = YES;
				GCC_C_LANGUAGE_STANDARD = gnu17;
				GCC_NO_COMMON_BLOCKS = YES;
				GCC_WARN_64_TO_32_BIT_CONVERSION = YES;
				GCC_WARN_ABOUT_RETURN_TYPE = YES_ERROR;
				GCC_WARN_UNDECLARED_SELECTOR = YES;
				GCC_WARN_UNINITIALIZED_AUTOS = YES_AGGRESSIVE;
				GCC_WARN_UNUSED_FUNCTION = YES;
				GCC_WARN_UNUSED_VARIABLE = YES;
				IPHONEOS_DEPLOYMENT_TARGET = 17.0;
				LOCALIZATION_PREFERS_STRING_CATALOGS = YES;
				MTL_ENABLE_DEBUG_INFO = NO;
				MTL_FAST_MATH = YES;
				SDKROOT = iphoneos;
				SWIFT_COMPILATION_MODE = wholemodule;
				VALIDATE_PRODUCT = YES;
			};
			name = Release;
		};
		3ECAF0002BC2C2E800B813A8 /* Debug */ = {
			isa = XCBuildConfiguration;
			buildSettings = {
				ASSETCATALOG_COMPILER_APPICON_NAME = AppIcon;
				ASSETCATALOG_COMPILER_GLOBAL_ACCENT_COLOR_NAME = AccentColor;
				CODE_SIGN_STYLE = Automatic;
				CURRENT_PROJECT_VERSION = 1;
				DEVELOPMENT_TEAM = R24W57U338;
				GENERATE_INFOPLIST_FILE = YES;
				INFOPLIST_FILE = TextBanner/Info.plist;
				INFOPLIST_KEY_CFBundleDisplayName = IronicBanner;
				INFOPLIST_KEY_UIApplicationSupportsIndirectInputEvents = YES;
				INFOPLIST_KEY_UILaunchStoryboardName = LaunchScreen;
				INFOPLIST_KEY_UIMainStoryboardFile = "";
				INFOPLIST_KEY_UISupportedInterfaceOrientations_iPad = "UIInterfaceOrientationPortrait UIInterfaceOrientationPortraitUpsideDown UIInterfaceOrientationLandscapeLeft UIInterfaceOrientationLandscapeRight";
				INFOPLIST_KEY_UISupportedInterfaceOrientations_iPhone = "UIInterfaceOrientationPortrait UIInterfaceOrientationLandscapeLeft UIInterfaceOrientationLandscapeRight";
				IPHONEOS_DEPLOYMENT_TARGET = 14.0;
				LD_RUNPATH_SEARCH_PATHS = (
					"$(inherited)",
					"@executable_path/Frameworks",
				);
				MARKETING_VERSION = 1.0;
				PRODUCT_BUNDLE_IDENTIFIER = Jeytery.TextBanner;
				PRODUCT_NAME = "$(TARGET_NAME)";
				SWIFT_EMIT_LOC_STRINGS = YES;
				SWIFT_VERSION = 5.0;
				TARGETED_DEVICE_FAMILY = "1,2";
			};
			name = Debug;
		};
		3ECAF0012BC2C2E800B813A8 /* Release */ = {
			isa = XCBuildConfiguration;
			buildSettings = {
				ASSETCATALOG_COMPILER_APPICON_NAME = AppIcon;
				ASSETCATALOG_COMPILER_GLOBAL_ACCENT_COLOR_NAME = AccentColor;
				CODE_SIGN_STYLE = Automatic;
				CURRENT_PROJECT_VERSION = 1;
				DEVELOPMENT_TEAM = R24W57U338;
				GENERATE_INFOPLIST_FILE = YES;
				INFOPLIST_FILE = TextBanner/Info.plist;
				INFOPLIST_KEY_CFBundleDisplayName = IronicBanner;
				INFOPLIST_KEY_UIApplicationSupportsIndirectInputEvents = YES;
				INFOPLIST_KEY_UILaunchStoryboardName = LaunchScreen;
				INFOPLIST_KEY_UIMainStoryboardFile = "";
				INFOPLIST_KEY_UISupportedInterfaceOrientations_iPad = "UIInterfaceOrientationPortrait UIInterfaceOrientationPortraitUpsideDown UIInterfaceOrientationLandscapeLeft UIInterfaceOrientationLandscapeRight";
				INFOPLIST_KEY_UISupportedInterfaceOrientations_iPhone = "UIInterfaceOrientationPortrait UIInterfaceOrientationLandscapeLeft UIInterfaceOrientationLandscapeRight";
				IPHONEOS_DEPLOYMENT_TARGET = 14.0;
				LD_RUNPATH_SEARCH_PATHS = (
					"$(inherited)",
					"@executable_path/Frameworks",
				);
				MARKETING_VERSION = 1.0;
				PRODUCT_BUNDLE_IDENTIFIER = Jeytery.TextBanner;
				PRODUCT_NAME = "$(TARGET_NAME)";
				SWIFT_EMIT_LOC_STRINGS = YES;
				SWIFT_VERSION = 5.0;
				TARGETED_DEVICE_FAMILY = "1,2";
			};
			name = Release;
		};
/* End XCBuildConfiguration section */

/* Begin XCConfigurationList section */
		3ECAEFE62BC2C2E700B813A8 /* Build configuration list for PBXProject "TextBanner" */ = {
			isa = XCConfigurationList;
			buildConfigurations = (
				3ECAEFFD2BC2C2E800B813A8 /* Debug */,
				3ECAEFFE2BC2C2E800B813A8 /* Release */,
			);
			defaultConfigurationIsVisible = 0;
			defaultConfigurationName = Release;
		};
		3ECAEFFF2BC2C2E800B813A8 /* Build configuration list for PBXNativeTarget "TextBanner" */ = {
			isa = XCConfigurationList;
			buildConfigurations = (
				3ECAF0002BC2C2E800B813A8 /* Debug */,
				3ECAF0012BC2C2E800B813A8 /* Release */,
			);
			defaultConfigurationIsVisible = 0;
			defaultConfigurationName = Release;
		};
/* End XCConfigurationList section */

/* Begin XCRemoteSwiftPackageReference section */
		3E2A50E72BC4804300788674 /* XCRemoteSwiftPackageReference "SettingsIconGenerator" */ = {
			isa = XCRemoteSwiftPackageReference;
			repositoryURL = "https://github.com/sparrowcode/SettingsIconGenerator";
			requirement = {
				kind = upToNextMajorVersion;
				minimumVersion = 1.0.2;
			};
		};
/* End XCRemoteSwiftPackageReference section */

/* Begin XCSwiftPackageProductDependency section */
		3E2A50E82BC4804300788674 /* SettingsIconGenerator */ = {
			isa = XCSwiftPackageProductDependency;
			package = 3E2A50E72BC4804300788674 /* XCRemoteSwiftPackageReference "SettingsIconGenerator" */;
			productName = SettingsIconGenerator;
		};
/* End XCSwiftPackageProductDependency section */
	};
	rootObject = 3ECAEFE32BC2C2E700B813A8 /* Project object */;
}
