{
  "pins" : [
    {
      "identity" : "settingsicongenerator",
      "kind" : "remoteSourceControl",
      "location" : "https://github.com/sparrowcode/SettingsIconGenerator",
      "state" : {
        "revision" : "d2070ad86ae7834151f43418eaa57f05380d5aac",
        "version" : "1.0.2"
      }
    }
  ],
  "version" : 2
}
